
Microsoft Visual Studio Solution File, Format Version 12.00
# Visual Studio Version 17
VisualStudioVersion = 17.14.36109.1 d17.14
MinimumVisualStudioVersion = 10.0.40219.1
Project("{FAE04EC0-301F-11D3-BF4B-00C04F79EFBC}") = "ProductManagementDemo", "ProductManagementDemo.csproj", "{9FEBD7BA-530F-4DD7-A29A-A9B715A6F3AE}"
EndProject
Project("{FAE04EC0-301F-11D3-BF4B-00C04F79EFBC}") = "BusinessObjects", "..\BusinessObjects\BusinessObjects.csproj", "{6031C388-8B2E-467D-BA87-35224DE5116A}"
EndProject
Project("{FAE04EC0-301F-11D3-BF4B-00C04F79EFBC}") = "DataAccessLayer", "..\DataAccessObjects\DataAccessLayer.csproj", "{C1925670-5922-4757-892C-A02890E8D15F}"
EndProject
Project("{FAE04EC0-301F-11D3-BF4B-00C04F79EFBC}") = "Repositories", "..\Repositories\Repositories.csproj", "{99FA41D0-720E-4B7B-9B31-CF6989AA3C04}"
EndProject
Project("{FAE04EC0-301F-11D3-BF4B-00C04F79EFBC}") = "Services", "..\Services\Services.csproj", "{F97B9257-C38B-4540-A975-AB858DB12B0B}"
EndProject
Global
	GlobalSection(SolutionConfigurationPlatforms) = preSolution
		Debug|Any CPU = Debug|Any CPU
		Release|Any CPU = Release|Any CPU
	EndGlobalSection
	GlobalSection(ProjectConfigurationPlatforms) = postSolution
		{9FEBD7BA-530F-4DD7-A29A-A9B715A6F3AE}.Debug|Any CPU.ActiveCfg = Debug|Any CPU
		{9FEBD7BA-530F-4DD7-A29A-A9B715A6F3AE}.Debug|Any CPU.Build.0 = Debug|Any CPU
		{9FEBD7BA-530F-4DD7-A29A-A9B715A6F3AE}.Release|Any CPU.ActiveCfg = Release|Any CPU
		{9FEBD7BA-530F-4DD7-A29A-A9B715A6F3AE}.Release|Any CPU.Build.0 = Release|Any CPU
		{6031C388-8B2E-467D-BA87-35224DE5116A}.Debug|Any CPU.ActiveCfg = Debug|Any CPU
		{6031C388-8B2E-467D-BA87-35224DE5116A}.Debug|Any CPU.Build.0 = Debug|Any CPU
		{6031C388-8B2E-467D-BA87-35224DE5116A}.Release|Any CPU.ActiveCfg = Release|Any CPU
		{6031C388-8B2E-467D-BA87-35224DE5116A}.Release|Any CPU.Build.0 = Release|Any CPU
		{C1925670-5922-4757-892C-A02890E8D15F}.Debug|Any CPU.ActiveCfg = Debug|Any CPU
		{C1925670-5922-4757-892C-A02890E8D15F}.Debug|Any CPU.Build.0 = Debug|Any CPU
		{C1925670-5922-4757-892C-A02890E8D15F}.Release|Any CPU.ActiveCfg = Release|Any CPU
		{C1925670-5922-4757-892C-A02890E8D15F}.Release|Any CPU.Build.0 = Release|Any CPU
		{99FA41D0-720E-4B7B-9B31-CF6989AA3C04}.Debug|Any CPU.ActiveCfg = Debug|Any CPU
		{99FA41D0-720E-4B7B-9B31-CF6989AA3C04}.Debug|Any CPU.Build.0 = Debug|Any CPU
		{99FA41D0-720E-4B7B-9B31-CF6989AA3C04}.Release|Any CPU.ActiveCfg = Release|Any CPU
		{99FA41D0-720E-4B7B-9B31-CF6989AA3C04}.Release|Any CPU.Build.0 = Release|Any CPU
		{F97B9257-C38B-4540-A975-AB858DB12B0B}.Debug|Any CPU.ActiveCfg = Debug|Any CPU
		{F97B9257-C38B-4540-A975-AB858DB12B0B}.Debug|Any CPU.Build.0 = Debug|Any CPU
		{F97B9257-C38B-4540-A975-AB858DB12B0B}.Release|Any CPU.ActiveCfg = Release|Any CPU
		{F97B9257-C38B-4540-A975-AB858DB12B0B}.Release|Any CPU.Build.0 = Release|Any CPU
	EndGlobalSection
	GlobalSection(SolutionProperties) = preSolution
		HideSolutionNode = FALSE
	EndGlobalSection
	GlobalSection(ExtensibilityGlobals) = postSolution
		SolutionGuid = {F914E15C-7859-410D-8B47-1BC21EA6E370}
	EndGlobalSection
EndGlobal
